
Microsoft Visual Studio Solution File, Format Version 12.00
# Visual Studio 2013
VisualStudioVersion = 12.0.30501.0
MinimumVisualStudioVersion = 10.0.40219.1
Project("{FAE04EC0-301F-11D3-BF4B-00C04F79EFBC}") = "Constructor", "Constructor\Constructor.csproj", "{99239D92-82BC-47D5-9FC4-F4F1EE055E1F}"
EndProject
Project("{FAE04EC0-301F-11D3-BF4B-00C04F79EFBC}") = "ConstructorEngine", "ConstructorEngine\ConstructorEngine.csproj", "{FB1E27C7-BAB0-44BD-AD7F-9FF1DE3AFE3F}"
EndProject
Project("{FAE04EC0-301F-11D3-BF4B-00C04F79EFBC}") = "ConstructorEngineJs", "ConstructorEngineJs\ConstructorEngineJs.csproj", "{B49AB5E3-297F-4D75-BED0-4DB841A68B80}"
EndProject
Global
	GlobalSection(SolutionConfigurationPlatforms) = preSolution
		Debug|Any CPU = Debug|Any CPU
		Release|Any CPU = Release|Any CPU
	EndGlobalSection
	GlobalSection(ProjectConfigurationPlatforms) = postSolution
		{99239D92-82BC-47D5-9FC4-F4F1EE055E1F}.Debug|Any CPU.ActiveCfg = Debug|Any CPU
		{99239D92-82BC-47D5-9FC4-F4F1EE055E1F}.Debug|Any CPU.Build.0 = Debug|Any CPU
		{99239D92-82BC-47D5-9FC4-F4F1EE055E1F}.Release|Any CPU.ActiveCfg = Release|Any CPU
		{99239D92-82BC-47D5-9FC4-F4F1EE055E1F}.Release|Any CPU.Build.0 = Release|Any CPU
		{FB1E27C7-BAB0-44BD-AD7F-9FF1DE3AFE3F}.Debug|Any CPU.ActiveCfg = Debug|Any CPU
		{FB1E27C7-BAB0-44BD-AD7F-9FF1DE3AFE3F}.Debug|Any CPU.Build.0 = Debug|Any CPU
		{FB1E27C7-BAB0-44BD-AD7F-9FF1DE3AFE3F}.Release|Any CPU.ActiveCfg = Release|Any CPU
		{FB1E27C7-BAB0-44BD-AD7F-9FF1DE3AFE3F}.Release|Any CPU.Build.0 = Release|Any CPU
		{B49AB5E3-297F-4D75-BED0-4DB841A68B80}.Debug|Any CPU.ActiveCfg = Debug|Any CPU
		{B49AB5E3-297F-4D75-BED0-4DB841A68B80}.Debug|Any CPU.Build.0 = Debug|Any CPU
		{B49AB5E3-297F-4D75-BED0-4DB841A68B80}.Release|Any CPU.ActiveCfg = Release|Any CPU
		{B49AB5E3-297F-4D75-BED0-4DB841A68B80}.Release|Any CPU.Build.0 = Release|Any CPU
	EndGlobalSection
	GlobalSection(SolutionProperties) = preSolution
		HideSolutionNode = FALSE
	EndGlobalSection
EndGlobal
